// !$*UTF8*$!
{
	archiveVersion = 1;
	classes = {
	};
	objectVersion = 55;
	objects = {

/* Begin PBXBuildFile section */
		74281CA228569D2D00DBCEFF /* Update.cpp in Sources */ = {isa = PBXBuildFile; fileRef = 74281CA028569D2D00DBCEFF /* Update.cpp */; };
		74281CA52857512B00DBCEFF /* PathFinder.cpp in Sources */ = {isa = PBXBuildFile; fileRef = 74281CA32857512A00DBCEFF /* PathFinder.cpp */; };
		744E3635284CB07100BE3A7A /* libsfml-audio.2.5.1.dylib in Frameworks */ = {isa = PBXBuildFile; fileRef = 744E3630284CB07100BE3A7A /* libsfml-audio.2.5.1.dylib */; };
		744E3636284CB07100BE3A7A /* libsfml-network.2.5.1.dylib in Frameworks */ = {isa = PBXBuildFile; fileRef = 744E3631284CB07100BE3A7A /* libsfml-network.2.5.1.dylib */; };
		744E3637284CB07100BE3A7A /* libsfml-graphics.2.5.1.dylib in Frameworks */ = {isa = PBXBuildFile; fileRef = 744E3632284CB07100BE3A7A /* libsfml-graphics.2.5.1.dylib */; };
		744E3638284CB07100BE3A7A /* libsfml-system.2.5.1.dylib in Frameworks */ = {isa = PBXBuildFile; fileRef = 744E3633284CB07100BE3A7A /* libsfml-system.2.5.1.dylib */; };
		744E3639284CB07100BE3A7A /* libsfml-window.2.5.1.dylib in Frameworks */ = {isa = PBXBuildFile; fileRef = 744E3634284CB07100BE3A7A /* libsfml-window.2.5.1.dylib */; };
		74736B3E284A870500554E46 /* main.cpp in Sources */ = {isa = PBXBuildFile; fileRef = 74736B3D284A870500554E46 /* main.cpp */; };
		7493137E284CACF90019F017 /* Render.cpp in Sources */ = {isa = PBXBuildFile; fileRef = 7493137C284CACF90019F017 /* Render.cpp */; };
		74931381284CAD110019F017 /* Path.cpp in Sources */ = {isa = PBXBuildFile; fileRef = 7493137F284CAD110019F017 /* Path.cpp */; };
		74A4799C284CB1CF001CC530 /* Matrix.cpp in Sources */ = {isa = PBXBuildFile; fileRef = 74A4799A284CB1CF001CC530 /* Matrix.cpp */; };
/* End PBXBuildFile section */

/* Begin PBXCopyFilesBuildPhase section */
		74736B38284A870500554E46 /* CopyFiles */ = {
			isa = PBXCopyFilesBuildPhase;
			buildActionMask = 2147483647;
			dstPath = /usr/share/man/man1/;
			dstSubfolderSpec = 0;
			files = (
			);
			runOnlyForDeploymentPostprocessing = 1;
		};
/* End PBXCopyFilesBuildPhase section */

/* Begin PBXFileReference section */
		74281CA028569D2D00DBCEFF /* Update.cpp */ = {isa = PBXFileReference; lastKnownFileType = sourcecode.cpp.cpp; path = Update.cpp; sourceTree = "<group>"; };
		74281CA128569D2D00DBCEFF /* Update.hpp */ = {isa = PBXFileReference; lastKnownFileType = sourcecode.cpp.h; path = Update.hpp; sourceTree = "<group>"; };
		74281CA32857512A00DBCEFF /* PathFinder.cpp */ = {isa = PBXFileReference; lastKnownFileType = sourcecode.cpp.cpp; path = PathFinder.cpp; sourceTree = "<group>"; };
		74281CA42857512A00DBCEFF /* PathFinder.hpp */ = {isa = PBXFileReference; lastKnownFileType = sourcecode.cpp.h; path = PathFinder.hpp; sourceTree = "<group>"; };
		744E362F284CADA700BE3A7A /* GlobalValue.h */ = {isa = PBXFileReference; lastKnownFileType = sourcecode.c.h; path = GlobalValue.h; sourceTree = "<group>"; };
		744E3630284CB07100BE3A7A /* libsfml-audio.2.5.1.dylib */ = {isa = PBXFileReference; lastKnownFileType = "compiled.mach-o.dylib"; name = "libsfml-audio.2.5.1.dylib"; path = "../../../../../usr/local/Cellar/sfml/2.5.1_1/lib/libsfml-audio.2.5.1.dylib"; sourceTree = "<group>"; };
		744E3631284CB07100BE3A7A /* libsfml-network.2.5.1.dylib */ = {isa = PBXFileReference; lastKnownFileType = "compiled.mach-o.dylib"; name = "libsfml-network.2.5.1.dylib"; path = "../../../../../usr/local/Cellar/sfml/2.5.1_1/lib/libsfml-network.2.5.1.dylib"; sourceTree = "<group>"; };
		744E3632284CB07100BE3A7A /* libsfml-graphics.2.5.1.dylib */ = {isa = PBXFileReference; lastKnownFileType = "compiled.mach-o.dylib"; name = "libsfml-graphics.2.5.1.dylib"; path = "../../../../../usr/local/Cellar/sfml/2.5.1_1/lib/libsfml-graphics.2.5.1.dylib"; sourceTree = "<group>"; };
		744E3633284CB07100BE3A7A /* libsfml-system.2.5.1.dylib */ = {isa = PBXFileReference; lastKnownFileType = "compiled.mach-o.dylib"; name = "libsfml-system.2.5.1.dylib"; path = "../../../../../usr/local/Cellar/sfml/2.5.1_1/lib/libsfml-system.2.5.1.dylib"; sourceTree = "<group>"; };
		744E3634284CB07100BE3A7A /* libsfml-window.2.5.1.dylib */ = {isa = PBXFileReference; lastKnownFileType = "compiled.mach-o.dylib"; name = "libsfml-window.2.5.1.dylib"; path = "../../../../../usr/local/Cellar/sfml/2.5.1_1/lib/libsfml-window.2.5.1.dylib"; sourceTree = "<group>"; };
		74736B3A284A870500554E46 /* Path finding */ = {isa = PBXFileReference; explicitFileType = "compiled.mach-o.executable"; includeInIndex = 0; path = "Path finding"; sourceTree = BUILT_PRODUCTS_DIR; };
		74736B3D284A870500554E46 /* main.cpp */ = {isa = PBXFileReference; lastKnownFileType = sourcecode.cpp.cpp; path = main.cpp; sourceTree = "<group>"; };
		74736B45284BB65100554E46 /* libsfml-system.2.5.1.dylib */ = {isa = PBXFileReference; lastKnownFileType = "compiled.mach-o.dylib"; name = "libsfml-system.2.5.1.dylib"; path = "ExternalLibs/SFML-mac/lib/libsfml-system.2.5.1.dylib"; sourceTree = "<group>"; };
		74736B46284BB65100554E46 /* libsfml-network.2.5.1.dylib */ = {isa = PBXFileReference; lastKnownFileType = "compiled.mach-o.dylib"; name = "libsfml-network.2.5.1.dylib"; path = "ExternalLibs/SFML-mac/lib/libsfml-network.2.5.1.dylib"; sourceTree = "<group>"; };
		74736B47284BB65100554E46 /* libsfml-window.2.5.1.dylib */ = {isa = PBXFileReference; lastKnownFileType = "compiled.mach-o.dylib"; name = "libsfml-window.2.5.1.dylib"; path = "ExternalLibs/SFML-mac/lib/libsfml-window.2.5.1.dylib"; sourceTree = "<group>"; };
		74736B48284BB65200554E46 /* libsfml-audio.2.5.1.dylib */ = {isa = PBXFileReference; lastKnownFileType = "compiled.mach-o.dylib"; name = "libsfml-audio.2.5.1.dylib"; path = "ExternalLibs/SFML-mac/lib/libsfml-audio.2.5.1.dylib"; sourceTree = "<group>"; };
		74736B49284BB65200554E46 /* libsfml-graphics.2.5.1.dylib */ = {isa = PBXFileReference; lastKnownFileType = "compiled.mach-o.dylib"; name = "libsfml-graphics.2.5.1.dylib"; path = "ExternalLibs/SFML-mac/lib/libsfml-graphics.2.5.1.dylib"; sourceTree = "<group>"; };
		7493137C284CACF90019F017 /* Render.cpp */ = {isa = PBXFileReference; lastKnownFileType = sourcecode.cpp.cpp; path = Render.cpp; sourceTree = "<group>"; };
		7493137D284CACF90019F017 /* Render.hpp */ = {isa = PBXFileReference; lastKnownFileType = sourcecode.cpp.h; path = Render.hpp; sourceTree = "<group>"; };
		7493137F284CAD110019F017 /* Path.cpp */ = {isa = PBXFileReference; lastKnownFileType = sourcecode.cpp.cpp; path = Path.cpp; sourceTree = "<group>"; };
		74931380284CAD110019F017 /* Path.hpp */ = {isa = PBXFileReference; lastKnownFileType = sourcecode.cpp.h; path = Path.hpp; sourceTree = "<group>"; };
		74931382284CAD240019F017 /* GlobalLIbs.h */ = {isa = PBXFileReference; lastKnownFileType = sourcecode.c.h; path = GlobalLIbs.h; sourceTree = "<group>"; };
		74A4799A284CB1CF001CC530 /* Matrix.cpp */ = {isa = PBXFileReference; lastKnownFileType = sourcecode.cpp.cpp; path = Matrix.cpp; sourceTree = "<group>"; };
		74A4799B284CB1CF001CC530 /* Matrix.hpp */ = {isa = PBXFileReference; lastKnownFileType = sourcecode.cpp.h; path = Matrix.hpp; sourceTree = "<group>"; };
/* End PBXFileReference section */

/* Begin PBXFrameworksBuildPhase section */
		74736B37284A870500554E46 /* Frameworks */ = {
			isa = PBXFrameworksBuildPhase;
			buildActionMask = 2147483647;
			files = (
				744E3635284CB07100BE3A7A /* libsfml-audio.2.5.1.dylib in Frameworks */,
				744E3636284CB07100BE3A7A /* libsfml-network.2.5.1.dylib in Frameworks */,
				744E3637284CB07100BE3A7A /* libsfml-graphics.2.5.1.dylib in Frameworks */,
				744E3638284CB07100BE3A7A /* libsfml-system.2.5.1.dylib in Frameworks */,
				744E3639284CB07100BE3A7A /* libsfml-window.2.5.1.dylib in Frameworks */,
			);
			runOnlyForDeploymentPostprocessing = 0;
		};
/* End PBXFrameworksBuildPhase section */

/* Begin PBXGroup section */
		74736B31284A870500554E46 = {
			isa = PBXGroup;
			children = (
				74736B3C284A870500554E46 /* Path finding */,
				74736B3B284A870500554E46 /* Products */,
				74736B44284BB65100554E46 /* Frameworks */,
			);
			sourceTree = "<group>";
		};
		74736B3B284A870500554E46 /* Products */ = {
			isa = PBXGroup;
			children = (
				74736B3A284A870500554E46 /* Path finding */,
			);
			name = Products;
			sourceTree = "<group>";
		};
		74736B3C284A870500554E46 /* Path finding */ = {
			isa = PBXGroup;
			children = (
				74736B3D284A870500554E46 /* main.cpp */,
				7493137C284CACF90019F017 /* Render.cpp */,
				74A4799A284CB1CF001CC530 /* Matrix.cpp */,
				74281CA028569D2D00DBCEFF /* Update.cpp */,
				74281CA32857512A00DBCEFF /* PathFinder.cpp */,
				74281CA42857512A00DBCEFF /* PathFinder.hpp */,
				7493137F284CAD110019F017 /* Path.cpp */,
				74A4799B284CB1CF001CC530 /* Matrix.hpp */,
				7493137D284CACF90019F017 /* Render.hpp */,
				744E362F284CADA700BE3A7A /* GlobalValue.h */,
				74281CA128569D2D00DBCEFF /* Update.hpp */,
				74931380284CAD110019F017 /* Path.hpp */,
				74931382284CAD240019F017 /* GlobalLIbs.h */,
			);
			path = "Path finding";
			sourceTree = "<group>";
		};
		74736B44284BB65100554E46 /* Frameworks */ = {
			isa = PBXGroup;
			children = (
				744E3630284CB07100BE3A7A /* libsfml-audio.2.5.1.dylib */,
				744E3632284CB07100BE3A7A /* libsfml-graphics.2.5.1.dylib */,
				744E3631284CB07100BE3A7A /* libsfml-network.2.5.1.dylib */,
				744E3633284CB07100BE3A7A /* libsfml-system.2.5.1.dylib */,
				744E3634284CB07100BE3A7A /* libsfml-window.2.5.1.dylib */,
				74736B48284BB65200554E46 /* libsfml-audio.2.5.1.dylib */,
				74736B49284BB65200554E46 /* libsfml-graphics.2.5.1.dylib */,
				74736B46284BB65100554E46 /* libsfml-network.2.5.1.dylib */,
				74736B45284BB65100554E46 /* libsfml-system.2.5.1.dylib */,
				74736B47284BB65100554E46 /* libsfml-window.2.5.1.dylib */,
			);
			name = Frameworks;
			sourceTree = "<group>";
		};
/* End PBXGroup section */

/* Begin PBXNativeTarget section */
		74736B39284A870500554E46 /* Path finding */ = {
			isa = PBXNativeTarget;
			buildConfigurationList = 74736B41284A870500554E46 /* Build configuration list for PBXNativeTarget "Path finding" */;
			buildPhases = (
				74736B36284A870500554E46 /* Sources */,
				74736B37284A870500554E46 /* Frameworks */,
				74736B38284A870500554E46 /* CopyFiles */,
			);
			buildRules = (
			);
			dependencies = (
			);
			name = "Path finding";
			productName = "Path finding";
			productReference = 74736B3A284A870500554E46 /* Path finding */;
			productType = "com.apple.product-type.tool";
		};
/* End PBXNativeTarget section */

/* Begin PBXProject section */
		74736B32284A870500554E46 /* Project object */ = {
			isa = PBXProject;
			attributes = {
				BuildIndependentTargetsInParallel = 1;
				LastUpgradeCheck = 1340;
				TargetAttributes = {
					74736B39284A870500554E46 = {
						CreatedOnToolsVersion = 13.4;
					};
				};
			};
			buildConfigurationList = 74736B35284A870500554E46 /* Build configuration list for PBXProject "Path finding" */;
			compatibilityVersion = "Xcode 13.0";
			developmentRegion = en;
			hasScannedForEncodings = 0;
			knownRegions = (
				en,
				Base,
			);
			mainGroup = 74736B31284A870500554E46;
			productRefGroup = 74736B3B284A870500554E46 /* Products */;
			projectDirPath = "";
			projectRoot = "";
			targets = (
				74736B39284A870500554E46 /* Path finding */,
			);
		};
/* End PBXProject section */

/* Begin PBXSourcesBuildPhase section */
		74736B36284A870500554E46 /* Sources */ = {
			isa = PBXSourcesBuildPhase;
			buildActionMask = 2147483647;
			files = (
				74A4799C284CB1CF001CC530 /* Matrix.cpp in Sources */,
				74931381284CAD110019F017 /* Path.cpp in Sources */,
				74281CA228569D2D00DBCEFF /* Update.cpp in Sources */,
				74736B3E284A870500554E46 /* main.cpp in Sources */,
				74281CA52857512B00DBCEFF /* PathFinder.cpp in Sources */,
				7493137E284CACF90019F017 /* Render.cpp in Sources */,
			);
			runOnlyForDeploymentPostprocessing = 0;
		};
/* End PBXSourcesBuildPhase section */

/* Begin XCBuildConfiguration section */
		74736B3F284A870500554E46 /* Debug */ = {
			isa = XCBuildConfiguration;
			buildSettings = {
				ALWAYS_SEARCH_USER_PATHS = NO;
				CLANG_ANALYZER_NONNULL = YES;
				CLANG_ANALYZER_NUMBER_OBJECT_CONVERSION = YES_AGGRESSIVE;
				CLANG_CXX_LANGUAGE_STANDARD = "gnu++17";
				CLANG_ENABLE_MODULES = YES;
				CLANG_ENABLE_OBJC_ARC = YES;
				CLANG_ENABLE_OBJC_WEAK = YES;
				CLANG_WARN_BLOCK_CAPTURE_AUTORELEASING = YES;
				CLANG_WARN_BOOL_CONVERSION = YES;
				CLANG_WARN_COMMA = YES;
				CLANG_WARN_CONSTANT_CONVERSION = YES;
				CLANG_WARN_DEPRECATED_OBJC_IMPLEMENTATIONS = YES;
				CLANG_WARN_DIRECT_OBJC_ISA_USAGE = YES_ERROR;
				CLANG_WARN_DOCUMENTATION_COMMENTS = YES;
				CLANG_WARN_EMPTY_BODY = YES;
				CLANG_WARN_ENUM_CONVERSION = YES;
				CLANG_WARN_INFINITE_RECURSION = YES;
				CLANG_WARN_INT_CONVERSION = YES;
				CLANG_WARN_NON_LITERAL_NULL_CONVERSION = YES;
				CLANG_WARN_OBJC_IMPLICIT_RETAIN_SELF = YES;
				CLANG_WARN_OBJC_LITERAL_CONVERSION = YES;
				CLANG_WARN_OBJC_ROOT_CLASS = YES_ERROR;
				CLANG_WARN_QUOTED_INCLUDE_IN_FRAMEWORK_HEADER = YES;
				CLANG_WARN_RANGE_LOOP_ANALYSIS = YES;
				CLANG_WARN_STRICT_PROTOTYPES = YES;
				CLANG_WARN_SUSPICIOUS_MOVE = YES;
				CLANG_WARN_UNGUARDED_AVAILABILITY = YES_AGGRESSIVE;
				CLANG_WARN_UNREACHABLE_CODE = YES;
				CLANG_WARN__DUPLICATE_METHOD_MATCH = YES;
				COPY_PHASE_STRIP = NO;
				DEBUG_INFORMATION_FORMAT = dwarf;
				ENABLE_STRICT_OBJC_MSGSEND = YES;
				ENABLE_TESTABILITY = YES;
				GCC_C_LANGUAGE_STANDARD = gnu11;
				GCC_DYNAMIC_NO_PIC = NO;
				GCC_NO_COMMON_BLOCKS = YES;
				GCC_OPTIMIZATION_LEVEL = 0;
				GCC_PREPROCESSOR_DEFINITIONS = (
					"DEBUG=1",
					"$(inherited)",
				);
				GCC_WARN_64_TO_32_BIT_CONVERSION = YES;
				GCC_WARN_ABOUT_RETURN_TYPE = YES_ERROR;
				GCC_WARN_UNDECLARED_SELECTOR = YES;
				GCC_WARN_UNINITIALIZED_AUTOS = YES_AGGRESSIVE;
				GCC_WARN_UNUSED_FUNCTION = YES;
				GCC_WARN_UNUSED_VARIABLE = YES;
				MACOSX_DEPLOYMENT_TARGET = 12.3;
				MTL_ENABLE_DEBUG_INFO = INCLUDE_SOURCE;
				MTL_FAST_MATH = YES;
				ONLY_ACTIVE_ARCH = YES;
				SDKROOT = macosx;
			};
			name = Debug;
		};
		74736B40284A870500554E46 /* Release */ = {
			isa = XCBuildConfiguration;
			buildSettings = {
				ALWAYS_SEARCH_USER_PATHS = NO;
				CLANG_ANALYZER_NONNULL = YES;
				CLANG_ANALYZER_NUMBER_OBJECT_CONVERSION = YES_AGGRESSIVE;
				CLANG_CXX_LANGUAGE_STANDARD = "gnu++17";
				CLANG_ENABLE_MODULES = YES;
				CLANG_ENABLE_OBJC_ARC = YES;
				CLANG_ENABLE_OBJC_WEAK = YES;
				CLANG_WARN_BLOCK_CAPTURE_AUTORELEASING = YES;
				CLANG_WARN_BOOL_CONVERSION = YES;
				CLANG_WARN_COMMA = YES;
				CLANG_WARN_CONSTANT_CONVERSION = YES;
				CLANG_WARN_DEPRECATED_OBJC_IMPLEMENTATIONS = YES;
				CLANG_WARN_DIRECT_OBJC_ISA_USAGE = YES_ERROR;
				CLANG_WARN_DOCUMENTATION_COMMENTS = YES;
				CLANG_WARN_EMPTY_BODY = YES;
				CLANG_WARN_ENUM_CONVERSION = YES;
				CLANG_WARN_INFINITE_RECURSION = YES;
				CLANG_WARN_INT_CONVERSION = YES;
				CLANG_WARN_NON_LITERAL_NULL_CONVERSION = YES;
				CLANG_WARN_OBJC_IMPLICIT_RETAIN_SELF = YES;
				CLANG_WARN_OBJC_LITERAL_CONVERSION = YES;
				CLANG_WARN_OBJC_ROOT_CLASS = YES_ERROR;
				CLANG_WARN_QUOTED_INCLUDE_IN_FRAMEWORK_HEADER = YES;
				CLANG_WARN_RANGE_LOOP_ANALYSIS = YES;
				CLANG_WARN_STRICT_PROTOTYPES = YES;
				CLANG_WARN_SUSPICIOUS_MOVE = YES;
				CLANG_WARN_UNGUARDED_AVAILABILITY = YES_AGGRESSIVE;
				CLANG_WARN_UNREACHABLE_CODE = YES;
				CLANG_WARN__DUPLICATE_METHOD_MATCH = YES;
				COPY_PHASE_STRIP = NO;
				DEBUG_INFORMATION_FORMAT = "dwarf-with-dsym";
				ENABLE_NS_ASSERTIONS = NO;
				ENABLE_STRICT_OBJC_MSGSEND = YES;
				GCC_C_LANGUAGE_STANDARD = gnu11;
				GCC_NO_COMMON_BLOCKS = YES;
				GCC_WARN_64_TO_32_BIT_CONVERSION = YES;
				GCC_WARN_ABOUT_RETURN_TYPE = YES_ERROR;
				GCC_WARN_UNDECLARED_SELECTOR = YES;
				GCC_WARN_UNINITIALIZED_AUTOS = YES_AGGRESSIVE;
				GCC_WARN_UNUSED_FUNCTION = YES;
				GCC_WARN_UNUSED_VARIABLE = YES;
				MACOSX_DEPLOYMENT_TARGET = 12.3;
				MTL_ENABLE_DEBUG_INFO = NO;
				MTL_FAST_MATH = YES;
				SDKROOT = macosx;
			};
			name = Release;
		};
		74736B42284A870500554E46 /* Debug */ = {
			isa = XCBuildConfiguration;
			buildSettings = {
				CODE_SIGN_STYLE = Automatic;
				HEADER_SEARCH_PATHS = /usr/local/Cellar/sfml/2.5.1_1/include;
				LIBRARY_SEARCH_PATHS = /usr/local/Cellar/sfml/2.5.1_1/lib;
				PRODUCT_NAME = "$(TARGET_NAME)";
			};
			name = Debug;
		};
		74736B43284A870500554E46 /* Release */ = {
			isa = XCBuildConfiguration;
			buildSettings = {
				CODE_SIGN_STYLE = Automatic;
				HEADER_SEARCH_PATHS = /usr/local/Cellar/sfml/2.5.1_1/include;
				LIBRARY_SEARCH_PATHS = /usr/local/Cellar/sfml/2.5.1_1/lib;
				PRODUCT_NAME = "$(TARGET_NAME)";
			};
			name = Release;
		};
/* End XCBuildConfiguration section */

/* Begin XCConfigurationList section */
		74736B35284A870500554E46 /* Build configuration list for PBXProject "Path finding" */ = {
			isa = XCConfigurationList;
			buildConfigurations = (
				74736B3F284A870500554E46 /* Debug */,
				74736B40284A870500554E46 /* Release */,
			);
			defaultConfigurationIsVisible = 0;
			defaultConfigurationName = Release;
		};
		74736B41284A870500554E46 /* Build configuration list for PBXNativeTarget "Path finding" */ = {
			isa = XCConfigurationList;
			buildConfigurations = (
				74736B42284A870500554E46 /* Debug */,
				74736B43284A870500554E46 /* Release */,
			);
			defaultConfigurationIsVisible = 0;
			defaultConfigurationName = Release;
		};
/* End XCConfigurationList section */
	};
	rootObject = 74736B32284A870500554E46 /* Project object */;
}
